
Microsoft Visual Studio Solution File, Format Version 12.00
# Visual Studio Version 16
VisualStudioVersion = 16.0.30523.141
MinimumVisualStudioVersion = 10.0.40219.1
Project("{FAE04EC0-301F-11D3-BF4B-00C04F79EFBC}") = "Tepes_Oana_Lab10", "Tepes_Oana_Lab10.csproj", "{885F67E5-C585-41F0-BF6F-CF2F773C78D0}"
EndProject
Project("{FAE04EC0-301F-11D3-BF4B-00C04F79EFBC}") = "gRPCClient", "..\gRPCClient\gRPCClient.csproj", "{C79A8A27-711D-4A71-9068-77318E8AF4FB}"
EndProject
Global
	GlobalSection(SolutionConfigurationPlatforms) = preSolution
		Debug|Any CPU = Debug|Any CPU
		Release|Any CPU = Release|Any CPU
	EndGlobalSection
	GlobalSection(ProjectConfigurationPlatforms) = postSolution
		{885F67E5-C585-41F0-BF6F-CF2F773C78D0}.Debug|Any CPU.ActiveCfg = Debug|Any CPU
		{885F67E5-C585-41F0-BF6F-CF2F773C78D0}.Debug|Any CPU.Build.0 = Debug|Any CPU
		{885F67E5-C585-41F0-BF6F-CF2F773C78D0}.Release|Any CPU.ActiveCfg = Release|Any CPU
		{885F67E5-C585-41F0-BF6F-CF2F773C78D0}.Release|Any CPU.Build.0 = Release|Any CPU
		{C79A8A27-711D-4A71-9068-77318E8AF4FB}.Debug|Any CPU.ActiveCfg = Debug|Any CPU
		{C79A8A27-711D-4A71-9068-77318E8AF4FB}.Debug|Any CPU.Build.0 = Debug|Any CPU
		{C79A8A27-711D-4A71-9068-77318E8AF4FB}.Release|Any CPU.ActiveCfg = Release|Any CPU
		{C79A8A27-711D-4A71-9068-77318E8AF4FB}.Release|Any CPU.Build.0 = Release|Any CPU
	EndGlobalSection
	GlobalSection(SolutionProperties) = preSolution
		HideSolutionNode = FALSE
	EndGlobalSection
	GlobalSection(ExtensibilityGlobals) = postSolution
		SolutionGuid = {E83472DD-83DF-4AA6-AAD6-A95076E596D2}
	EndGlobalSection
EndGlobal
